
Microsoft Visual Studio Solution File, Format Version 12.00
# Visual Studio Version 17
VisualStudioVersion = 17.11.35327.3
MinimumVisualStudioVersion = 10.0.40219.1
Project("{FAE04EC0-301F-11D3-BF4B-00C04F79EFBC}") = "Assignment 2 -Hana Ashraf", "Assignment 2 -Hana Ashraf\Assignment 2 -Hana Ashraf.csproj", "{7D25AC6F-BBBB-4BF3-B8F0-1D6E7146471D}"
EndProject
Global
	GlobalSection(SolutionConfigurationPlatforms) = preSolution
		Debug|Any CPU = Debug|Any CPU
		Release|Any CPU = Release|Any CPU
	EndGlobalSection
	GlobalSection(ProjectConfigurationPlatforms) = postSolution
		{7D25AC6F-BBBB-4BF3-B8F0-1D6E7146471D}.Debug|Any CPU.ActiveCfg = Debug|Any CPU
		{7D25AC6F-BBBB-4BF3-B8F0-1D6E7146471D}.Debug|Any CPU.Build.0 = Debug|Any CPU
		{7D25AC6F-BBBB-4BF3-B8F0-1D6E7146471D}.Release|Any CPU.ActiveCfg = Release|Any CPU
		{7D25AC6F-BBBB-4BF3-B8F0-1D6E7146471D}.Release|Any CPU.Build.0 = Release|Any CPU
	EndGlobalSection
	GlobalSection(SolutionProperties) = preSolution
		HideSolutionNode = FALSE
	EndGlobalSection
	GlobalSection(ExtensibilityGlobals) = postSolution
		SolutionGuid = {E3A5DC00-7044-43FC-9009-029AEF6E7205}
	EndGlobalSection
EndGlobal
